// !$*UTF8*$!
{
	archiveVersion = 1;
	classes = {
	};
	objectVersion = 46;
	objects = {

/* Begin PBXBuildFile section */
		6DD82B0C1D46FA4C006BFA84 /* AppDelegate.swift in Sources */ = {isa = PBXBuildFile; fileRef = 6DD82B0B1D46FA4C006BFA84 /* AppDelegate.swift */; };
		6DD82B0E1D46FA4C006BFA84 /* ViewController.swift in Sources */ = {isa = PBXBuildFile; fileRef = 6DD82B0D1D46FA4C006BFA84 /* ViewController.swift */; };
		6DD82B111D46FA4C006BFA84 /* Main.storyboard in Resources */ = {isa = PBXBuildFile; fileRef = 6DD82B0F1D46FA4C006BFA84 /* Main.storyboard */; };
		6DD82B131D46FA4C006BFA84 /* Assets.xcassets in Resources */ = {isa = PBXBuildFile; fileRef = 6DD82B121D46FA4C006BFA84 /* Assets.xcassets */; };
		6DD82B161D46FA4C006BFA84 /* LaunchScreen.storyboard in Resources */ = {isa = PBXBuildFile; fileRef = 6DD82B141D46FA4C006BFA84 /* LaunchScreen.storyboard */; };
		6DD82B211D46FA4C006BFA84 /* SupercoolTests.swift in Sources */ = {isa = PBXBuildFile; fileRef = 6DD82B201D46FA4C006BFA84 /* SupercoolTests.swift */; };
		6DD82B2C1D46FA4C006BFA84 /* SupercoolUITests.swift in Sources */ = {isa = PBXBuildFile; fileRef = 6DD82B2B1D46FA4C006BFA84 /* SupercoolUITests.swift */; };
/* End PBXBuildFile section */

/* Begin PBXContainerItemProxy section */
		6DD82B1D1D46FA4C006BFA84 /* PBXContainerItemProxy */ = {
			isa = PBXContainerItemProxy;
			containerPortal = 6DD82B001D46FA4B006BFA84 /* Project object */;
			proxyType = 1;
			remoteGlobalIDString = 6DD82B071D46FA4B006BFA84;
			remoteInfo = Supercool;
		};
		6DD82B281D46FA4C006BFA84 /* PBXContainerItemProxy */ = {
			isa = PBXContainerItemProxy;
			containerPortal = 6DD82B001D46FA4B006BFA84 /* Project object */;
			proxyType = 1;
			remoteGlobalIDString = 6DD82B071D46FA4B006BFA84;
			remoteInfo = Supercool;
		};
/* End PBXContainerItemProxy section */

/* Begin PBXFileReference section */
		6DD82B081D46FA4C006BFA84 /* Supercool.app */ = {isa = PBXFileReference; explicitFileType = wrapper.application; includeInIndex = 0; path = Supercool.app; sourceTree = BUILT_PRODUCTS_DIR; };
		6DD82B0B1D46FA4C006BFA84 /* AppDelegate.swift */ = {isa = PBXFileReference; lastKnownFileType = sourcecode.swift; path = AppDelegate.swift; sourceTree = "<group>"; };
		6DD82B0D1D46FA4C006BFA84 /* ViewController.swift */ = {isa = PBXFileReference; lastKnownFileType = sourcecode.swift; path = ViewController.swift; sourceTree = "<group>"; };
		6DD82B101D46FA4C006BFA84 /* Base */ = {isa = PBXFileReference; lastKnownFileType = file.storyboard; name = Base; path = Base.lproj/Main.storyboard; sourceTree = "<group>"; };
		6DD82B121D46FA4C006BFA84 /* Assets.xcassets */ = {isa = PBXFileReference; lastKnownFileType = folder.assetcatalog; path = Assets.xcassets; sourceTree = "<group>"; };
		6DD82B151D46FA4C006BFA84 /* Base */ = {isa = PBXFileReference; lastKnownFileType = file.storyboard; name = Base; path = Base.lproj/LaunchScreen.storyboard; sourceTree = "<group>"; };
		6DD82B171D46FA4C006BFA84 /* Info.plist */ = {isa = PBXFileReference; lastKnownFileType = text.plist.xml; path = Info.plist; sourceTree = "<group>"; };
		6DD82B1C1D46FA4C006BFA84 /* SupercoolTests.xctest */ = {isa = PBXFileReference; explicitFileType = wrapper.cfbundle; includeInIndex = 0; path = SupercoolTests.xctest; sourceTree = BUILT_PRODUCTS_DIR; };
		6DD82B201D46FA4C006BFA84 /* SupercoolTests.swift */ = {isa = PBXFileReference; lastKnownFileType = sourcecode.swift; path = SupercoolTests.swift; sourceTree = "<group>"; };
		6DD82B221D46FA4C006BFA84 /* Info.plist */ = {isa = PBXFileReference; lastKnownFileType = text.plist.xml; path = Info.plist; sourceTree = "<group>"; };
		6DD82B271D46FA4C006BFA84 /* SupercoolUITests.xctest */ = {isa = PBXFileReference; explicitFileType = wrapper.cfbundle; includeInIndex = 0; path = SupercoolUITests.xctest; sourceTree = BUILT_PRODUCTS_DIR; };
		6DD82B2B1D46FA4C006BFA84 /* SupercoolUITests.swift */ = {isa = PBXFileReference; lastKnownFileType = sourcecode.swift; path = SupercoolUITests.swift; sourceTree = "<group>"; };
		6DD82B2D1D46FA4C006BFA84 /* Info.plist */ = {isa = PBXFileReference; lastKnownFileType = text.plist.xml; path = Info.plist; sourceTree = "<group>"; };
/* End PBXFileReference section */

/* Begin PBXFrameworksBuildPhase section */
		6DD82B051D46FA4B006BFA84 /* Frameworks */ = {
			isa = PBXFrameworksBuildPhase;
			buildActionMask = 2147483647;
			files = (
			);
			runOnlyForDeploymentPostprocessing = 0;
		};
		6DD82B191D46FA4C006BFA84 /* Frameworks */ = {
			isa = PBXFrameworksBuildPhase;
			buildActionMask = 2147483647;
			files = (
			);
			runOnlyForDeploymentPostprocessing = 0;
		};
		6DD82B241D46FA4C006BFA84 /* Frameworks */ = {
			isa = PBXFrameworksBuildPhase;
			buildActionMask = 2147483647;
			files = (
			);
			runOnlyForDeploymentPostprocessing = 0;
		};
/* End PBXFrameworksBuildPhase section */

/* Begin PBXGroup section */
		6DD82AFF1D46FA4B006BFA84 = {
			isa = PBXGroup;
			children = (
				6DD82B0A1D46FA4C006BFA84 /* Supercool */,
				6DD82B1F1D46FA4C006BFA84 /* SupercoolTests */,
				6DD82B2A1D46FA4C006BFA84 /* SupercoolUITests */,
				6DD82B091D46FA4C006BFA84 /* Products */,
			);
			sourceTree = "<group>";
		};
		6DD82B091D46FA4C006BFA84 /* Products */ = {
			isa = PBXGroup;
			children = (
				6DD82B081D46FA4C006BFA84 /* Supercool.app */,
				6DD82B1C1D46FA4C006BFA84 /* SupercoolTests.xctest */,
				6DD82B271D46FA4C006BFA84 /* SupercoolUITests.xctest */,
			);
			name = Products;
			sourceTree = "<group>";
		};
		6DD82B0A1D46FA4C006BFA84 /* Supercool */ = {
			isa = PBXGroup;
			children = (
				6DD82B0B1D46FA4C006BFA84 /* AppDelegate.swift */,
				6DD82B0D1D46FA4C006BFA84 /* ViewController.swift */,
				6DD82B0F1D46FA4C006BFA84 /* Main.storyboard */,
				6DD82B121D46FA4C006BFA84 /* Assets.xcassets */,
				6DD82B141D46FA4C006BFA84 /* LaunchScreen.storyboard */,
				6DD82B171D46FA4C006BFA84 /* Info.plist */,
			);
			path = Supercool;
			sourceTree = "<group>";
		};
		6DD82B1F1D46FA4C006BFA84 /* SupercoolTests */ = {
			isa = PBXGroup;
			children = (
				6DD82B201D46FA4C006BFA84 /* SupercoolTests.swift */,
				6DD82B221D46FA4C006BFA84 /* Info.plist */,
			);
			path = SupercoolTests;
			sourceTree = "<group>";
		};
		6DD82B2A1D46FA4C006BFA84 /* SupercoolUITests */ = {
			isa = PBXGroup;
			children = (
				6DD82B2B1D46FA4C006BFA84 /* SupercoolUITests.swift */,
				6DD82B2D1D46FA4C006BFA84 /* Info.plist */,
			);
			path = SupercoolUITests;
			sourceTree = "<group>";
		};
/* End PBXGroup section */

/* Begin PBXNativeTarget section */
		6DD82B071D46FA4B006BFA84 /* Supercool */ = {
			isa = PBXNativeTarget;
			buildConfigurationList = 6DD82B301D46FA4C006BFA84 /* Build configuration list for PBXNativeTarget "Supercool" */;
			buildPhases = (
				6DD82B041D46FA4B006BFA84 /* Sources */,
				6DD82B051D46FA4B006BFA84 /* Frameworks */,
				6DD82B061D46FA4B006BFA84 /* Resources */,
			);
			buildRules = (
			);
			dependencies = (
			);
			name = Supercool;
			productName = Supercool;
			productReference = 6DD82B081D46FA4C006BFA84 /* Supercool.app */;
			productType = "com.apple.product-type.application";
		};
		6DD82B1B1D46FA4C006BFA84 /* SupercoolTests */ = {
			isa = PBXNativeTarget;
			buildConfigurationList = 6DD82B331D46FA4C006BFA84 /* Build configuration list for PBXNativeTarget "SupercoolTests" */;
			buildPhases = (
				6DD82B181D46FA4C006BFA84 /* Sources */,
				6DD82B191D46FA4C006BFA84 /* Frameworks */,
				6DD82B1A1D46FA4C006BFA84 /* Resources */,
			);
			buildRules = (
			);
			dependencies = (
				6DD82B1E1D46FA4C006BFA84 /* PBXTargetDependency */,
			);
			name = SupercoolTests;
			productName = SupercoolTests;
			productReference = 6DD82B1C1D46FA4C006BFA84 /* SupercoolTests.xctest */;
			productType = "com.apple.product-type.bundle.unit-test";
		};
		6DD82B261D46FA4C006BFA84 /* SupercoolUITests */ = {
			isa = PBXNativeTarget;
			buildConfigurationList = 6DD82B361D46FA4C006BFA84 /* Build configuration list for PBXNativeTarget "SupercoolUITests" */;
			buildPhases = (
				6DD82B231D46FA4C006BFA84 /* Sources */,
				6DD82B241D46FA4C006BFA84 /* Frameworks */,
				6DD82B251D46FA4C006BFA84 /* Resources */,
			);
			buildRules = (
			);
			dependencies = (
				6DD82B291D46FA4C006BFA84 /* PBXTargetDependency */,
			);
			name = SupercoolUITests;
			productName = SupercoolUITests;
			productReference = 6DD82B271D46FA4C006BFA84 /* SupercoolUITests.xctest */;
			productType = "com.apple.product-type.bundle.ui-testing";
		};
/* End PBXNativeTarget section */

/* Begin PBXProject section */
		6DD82B001D46FA4B006BFA84 /* Project object */ = {
			isa = PBXProject;
			attributes = {
				LastSwiftUpdateCheck = 0730;
				LastUpgradeCheck = 0730;
				ORGANIZATIONNAME = zacklee;
				TargetAttributes = {
					6DD82B071D46FA4B006BFA84 = {
						CreatedOnToolsVersion = 7.3.1;
					};
					6DD82B1B1D46FA4C006BFA84 = {
						CreatedOnToolsVersion = 7.3.1;
						TestTargetID = 6DD82B071D46FA4B006BFA84;
					};
					6DD82B261D46FA4C006BFA84 = {
						CreatedOnToolsVersion = 7.3.1;
						TestTargetID = 6DD82B071D46FA4B006BFA84;
					};
				};
			};
			buildConfigurationList = 6DD82B031D46FA4B006BFA84 /* Build configuration list for PBXProject "Supercool" */;
			compatibilityVersion = "Xcode 3.2";
			developmentRegion = English;
			hasScannedForEncodings = 0;
			knownRegions = (
				en,
				Base,
			);
			mainGroup = 6DD82AFF1D46FA4B006BFA84;
			productRefGroup = 6DD82B091D46FA4C006BFA84 /* Products */;
			projectDirPath = "";
			projectRoot = "";
			targets = (
				6DD82B071D46FA4B006BFA84 /* Supercool */,
				6DD82B1B1D46FA4C006BFA84 /* SupercoolTests */,
				6DD82B261D46FA4C006BFA84 /* SupercoolUITests */,
			);
		};
/* End PBXProject section */

/* Begin PBXResourcesBuildPhase section */
		6DD82B061D46FA4B006BFA84 /* Resources */ = {
			isa = PBXResourcesBuildPhase;
			buildActionMask = 2147483647;
			files = (
				6DD82B161D46FA4C006BFA84 /* LaunchScreen.storyboard in Resources */,
				6DD82B131D46FA4C006BFA84 /* Assets.xcassets in Resources */,
				6DD82B111D46FA4C006BFA84 /* Main.storyboard in Resources */,
			);
			runOnlyForDeploymentPostprocessing = 0;
		};
		6DD82B1A1D46FA4C006BFA84 /* Resources */ = {
			isa = PBXResourcesBuildPhase;
			buildActionMask = 2147483647;
			files = (
			);
			runOnlyForDeploymentPostprocessing = 0;
		};
		6DD82B251D46FA4C006BFA84 /* Resources */ = {
			isa = PBXResourcesBuildPhase;
			buildActionMask = 2147483647;
			files = (
			);
			runOnlyForDeploymentPostprocessing = 0;
		};
/* End PBXResourcesBuildPhase section */

/* Begin PBXSourcesBuildPhase section */
		6DD82B041D46FA4B006BFA84 /* Sources */ = {
			isa = PBXSourcesBuildPhase;
			buildActionMask = 2147483647;
			files = (
				6DD82B0E1D46FA4C006BFA84 /* ViewController.swift in Sources */,
				6DD82B0C1D46FA4C006BFA84 /* AppDelegate.swift in Sources */,
			);
			runOnlyForDeploymentPostprocessing = 0;
		};
		6DD82B181D46FA4C006BFA84 /* Sources */ = {
			isa = PBXSourcesBuildPhase;
			buildActionMask = 2147483647;
			files = (
				6DD82B211D46FA4C006BFA84 /* SupercoolTests.swift in Sources */,
			);
			runOnlyForDeploymentPostprocessing = 0;
		};
		6DD82B231D46FA4C006BFA84 /* Sources */ = {
			isa = PBXSourcesBuildPhase;
			buildActionMask = 2147483647;
			files = (
				6DD82B2C1D46FA4C006BFA84 /* SupercoolUITests.swift in Sources */,
			);
			runOnlyForDeploymentPostprocessing = 0;
		};
/* End PBXSourcesBuildPhase section */

/* Begin PBXTargetDependency section */
		6DD82B1E1D46FA4C006BFA84 /* PBXTargetDependency */ = {
			isa = PBXTargetDependency;
			target = 6DD82B071D46FA4B006BFA84 /* Supercool */;
			targetProxy = 6DD82B1D1D46FA4C006BFA84 /* PBXContainerItemProxy */;
		};
		6DD82B291D46FA4C006BFA84 /* PBXTargetDependency */ = {
			isa = PBXTargetDependency;
			target = 6DD82B071D46FA4B006BFA84 /* Supercool */;
			targetProxy = 6DD82B281D46FA4C006BFA84 /* PBXContainerItemProxy */;
		};
/* End PBXTargetDependency section */

/* Begin PBXVariantGroup section */
		6DD82B0F1D46FA4C006BFA84 /* Main.storyboard */ = {
			isa = PBXVariantGroup;
			children = (
				6DD82B101D46FA4C006BFA84 /* Base */,
			);
			name = Main.storyboard;
			sourceTree = "<group>";
		};
		6DD82B141D46FA4C006BFA84 /* LaunchScreen.storyboard */ = {
			isa = PBXVariantGroup;
			children = (
				6DD82B151D46FA4C006BFA84 /* Base */,
			);
			name = LaunchScreen.storyboard;
			sourceTree = "<group>";
		};
/* End PBXVariantGroup section */

/* Begin XCBuildConfiguration section */
		6DD82B2E1D46FA4C006BFA84 /* Debug */ = {
			isa = XCBuildConfiguration;
			buildSettings = {
				ALWAYS_SEARCH_USER_PATHS = NO;
				CLANG_ANALYZER_NONNULL = YES;
				CLANG_CXX_LANGUAGE_STANDARD = "gnu++0x";
				CLANG_CXX_LIBRARY = "libc++";
				CLANG_ENABLE_MODULES = YES;
				CLANG_ENABLE_OBJC_ARC = YES;
				CLANG_WARN_BOOL_CONVERSION = YES;
				CLANG_WARN_CONSTANT_CONVERSION = YES;
				CLANG_WARN_DIRECT_OBJC_ISA_USAGE = YES_ERROR;
				CLANG_WARN_EMPTY_BODY = YES;
				CLANG_WARN_ENUM_CONVERSION = YES;
				CLANG_WARN_INT_CONVERSION = YES;
				CLANG_WARN_OBJC_ROOT_CLASS = YES_ERROR;
				CLANG_WARN_UNREACHABLE_CODE = YES;
				CLANG_WARN__DUPLICATE_METHOD_MATCH = YES;
				"CODE_SIGN_IDENTITY[sdk=iphoneos*]" = "iPhone Developer";
				COPY_PHASE_STRIP = NO;
				DEBUG_INFORMATION_FORMAT = dwarf;
				ENABLE_STRICT_OBJC_MSGSEND = YES;
				ENABLE_TESTABILITY = YES;
				GCC_C_LANGUAGE_STANDARD = gnu99;
				GCC_DYNAMIC_NO_PIC = NO;
				GCC_NO_COMMON_BLOCKS = YES;
				GCC_OPTIMIZATION_LEVEL = 0;
				GCC_PREPROCESSOR_DEFINITIONS = (
					"DEBUG=1",
					"$(inherited)",
				);
				GCC_WARN_64_TO_32_BIT_CONVERSION = YES;
				GCC_WARN_ABOUT_RETURN_TYPE = YES_ERROR;
				GCC_WARN_UNDECLARED_SELECTOR = YES;
				GCC_WARN_UNINITIALIZED_AUTOS = YES_AGGRESSIVE;
				GCC_WARN_UNUSED_FUNCTION = YES;
				GCC_WARN_UNUSED_VARIABLE = YES;
				IPHONEOS_DEPLOYMENT_TARGET = 9.3;
				MTL_ENABLE_DEBUG_INFO = YES;
				ONLY_ACTIVE_ARCH = YES;
				SDKROOT = iphoneos;
				SWIFT_OPTIMIZATION_LEVEL = "-Onone";
			};
			name = Debug;
		};
		6DD82B2F1D46FA4C006BFA84 /* Release */ = {
			isa = XCBuildConfiguration;
			buildSettings = {
				ALWAYS_SEARCH_USER_PATHS = NO;
				CLANG_ANALYZER_NONNULL = YES;
				CLANG_CXX_LANGUAGE_STANDARD = "gnu++0x";
				CLANG_CXX_LIBRARY = "libc++";
				CLANG_ENABLE_MODULES = YES;
				CLANG_ENABLE_OBJC_ARC = YES;
				CLANG_WARN_BOOL_CONVERSION = YES;
				CLANG_WARN_CONSTANT_CONVERSION = YES;
				CLANG_WARN_DIRECT_OBJC_ISA_USAGE = YES_ERROR;
				CLANG_WARN_EMPTY_BODY = YES;
				CLANG_WARN_ENUM_CONVERSION = YES;
				CLANG_WARN_INT_CONVERSION = YES;
				CLANG_WARN_OBJC_ROOT_CLASS = YES_ERROR;
				CLANG_WARN_UNREACHABLE_CODE = YES;
				CLANG_WARN__DUPLICATE_METHOD_MATCH = YES;
				"CODE_SIGN_IDENTITY[sdk=iphoneos*]" = "iPhone Developer";
				COPY_PHASE_STRIP = NO;
				DEBUG_INFORMATION_FORMAT = "dwarf-with-dsym";
				ENABLE_NS_ASSERTIONS = NO;
				ENABLE_STRICT_OBJC_MSGSEND = YES;
				GCC_C_LANGUAGE_STANDARD = gnu99;
				GCC_NO_COMMON_BLOCKS = YES;
				GCC_WARN_64_TO_32_BIT_CONVERSION = YES;
				GCC_WARN_ABOUT_RETURN_TYPE = YES_ERROR;
				GCC_WARN_UNDECLARED_SELECTOR = YES;
				GCC_WARN_UNINITIALIZED_AUTOS = YES_AGGRESSIVE;
				GCC_WARN_UNUSED_FUNCTION = YES;
				GCC_WARN_UNUSED_VARIABLE = YES;
				IPHONEOS_DEPLOYMENT_TARGET = 9.3;
				MTL_ENABLE_DEBUG_INFO = NO;
				SDKROOT = iphoneos;
				VALIDATE_PRODUCT = YES;
			};
			name = Release;
		};
		6DD82B311D46FA4C006BFA84 /* Debug */ = {
			isa = XCBuildConfiguration;
			buildSettings = {
				ASSETCATALOG_COMPILER_APPICON_NAME = AppIcon;
				INFOPLIST_FILE = Supercool/Info.plist;
				LD_RUNPATH_SEARCH_PATHS = "$(inherited) @executable_path/Frameworks";
				PRODUCT_BUNDLE_IDENTIFIER = com.zacklee.Supercool;
				PRODUCT_NAME = "$(TARGET_NAME)";
			};
			name = Debug;
		};
		6DD82B321D46FA4C006BFA84 /* Release */ = {
			isa = XCBuildConfiguration;
			buildSettings = {
				ASSETCATALOG_COMPILER_APPICON_NAME = AppIcon;
				INFOPLIST_FILE = Supercool/Info.plist;
				LD_RUNPATH_SEARCH_PATHS = "$(inherited) @executable_path/Frameworks";
				PRODUCT_BUNDLE_IDENTIFIER = com.zacklee.Supercool;
				PRODUCT_NAME = "$(TARGET_NAME)";
			};
			name = Release;
		};
		6DD82B341D46FA4C006BFA84 /* Debug */ = {
			isa = XCBuildConfiguration;
			buildSettings = {
				BUNDLE_LOADER = "$(TEST_HOST)";
				INFOPLIST_FILE = SupercoolTests/Info.plist;
				LD_RUNPATH_SEARCH_PATHS = "$(inherited) @executable_path/Frameworks @loader_path/Frameworks";
				PRODUCT_BUNDLE_IDENTIFIER = com.zacklee.SupercoolTests;
				PRODUCT_NAME = "$(TARGET_NAME)";
				TEST_HOST = "$(BUILT_PRODUCTS_DIR)/Supercool.app/Supercool";
			};
			name = Debug;
		};
		6DD82B351D46FA4C006BFA84 /* Release */ = {
			isa = XCBuildConfiguration;
			buildSettings = {
				BUNDLE_LOADER = "$(TEST_HOST)";
				INFOPLIST_FILE = SupercoolTests/Info.plist;
				LD_RUNPATH_SEARCH_PATHS = "$(inherited) @executable_path/Frameworks @loader_path/Frameworks";
				PRODUCT_BUNDLE_IDENTIFIER = com.zacklee.SupercoolTests;
				PRODUCT_NAME = "$(TARGET_NAME)";
				TEST_HOST = "$(BUILT_PRODUCTS_DIR)/Supercool.app/Supercool";
			};
			name = Release;
		};
		6DD82B371D46FA4C006BFA84 /* Debug */ = {
			isa = XCBuildConfiguration;
			buildSettings = {
				INFOPLIST_FILE = SupercoolUITests/Info.plist;
				LD_RUNPATH_SEARCH_PATHS = "$(inherited) @executable_path/Frameworks @loader_path/Frameworks";
				PRODUCT_BUNDLE_IDENTIFIER = com.zacklee.SupercoolUITests;
				PRODUCT_NAME = "$(TARGET_NAME)";
				TEST_TARGET_NAME = Supercool;
			};
			name = Debug;
		};
		6DD82B381D46FA4C006BFA84 /* Release */ = {
			isa = XCBuildConfiguration;
			buildSettings = {
				INFOPLIST_FILE = SupercoolUITests/Info.plist;
				LD_RUNPATH_SEARCH_PATHS = "$(inherited) @executable_path/Frameworks @loader_path/Frameworks";
				PRODUCT_BUNDLE_IDENTIFIER = com.zacklee.SupercoolUITests;
				PRODUCT_NAME = "$(TARGET_NAME)";
				TEST_TARGET_NAME = Supercool;
			};
			name = Release;
		};
/* End XCBuildConfiguration section */

/* Begin XCConfigurationList section */
		6DD82B031D46FA4B006BFA84 /* Build configuration list for PBXProject "Supercool" */ = {
			isa = XCConfigurationList;
			buildConfigurations = (
				6DD82B2E1D46FA4C006BFA84 /* Debug */,
				6DD82B2F1D46FA4C006BFA84 /* Release */,
			);
			defaultConfigurationIsVisible = 0;
			defaultConfigurationName = Release;
		};
		6DD82B301D46FA4C006BFA84 /* Build configuration list for PBXNativeTarget "Supercool" */ = {
			isa = XCConfigurationList;
			buildConfigurations = (
				6DD82B311D46FA4C006BFA84 /* Debug */,
				6DD82B321D46FA4C006BFA84 /* Release */,
			);
			defaultConfigurationIsVisible = 0;
		};
		6DD82B331D46FA4C006BFA84 /* Build configuration list for PBXNativeTarget "SupercoolTests" */ = {
			isa = XCConfigurationList;
			buildConfigurations = (
				6DD82B341D46FA4C006BFA84 /* Debug */,
				6DD82B351D46FA4C006BFA84 /* Release */,
			);
			defaultConfigurationIsVisible = 0;
		};
		6DD82B361D46FA4C006BFA84 /* Build configuration list for PBXNativeTarget "SupercoolUITests" */ = {
			isa = XCConfigurationList;
			buildConfigurations = (
				6DD82B371D46FA4C006BFA84 /* Debug */,
				6DD82B381D46FA4C006BFA84 /* Release */,
			);
			defaultConfigurationIsVisible = 0;
		};
/* End XCConfigurationList section */
	};
	rootObject = 6DD82B001D46FA4B006BFA84 /* Project object */;
}
